
Microsoft Visual Studio Solution File, Format Version 12.00
# Visual Studio Version 16
VisualStudioVersion = 16.0.30907.101
MinimumVisualStudioVersion = 10.0.40219.1
Project("{FAE04EC0-301F-11D3-BF4B-00C04F79EFBC}") = "Data", "Data\Data.csproj", "{F0E2BB6A-D869-4009-B5DC-4881BB610234}"
EndProject
Project("{FAE04EC0-301F-11D3-BF4B-00C04F79EFBC}") = "Entity", "..\Entity\Entity.csproj", "{97277FFF-6FB8-4A4E-ABFC-C2B9767DA4D2}"
EndProject
Project("{FAE04EC0-301F-11D3-BF4B-00C04F79EFBC}") = "Negocio", "..\Negocio\Negocio.csproj", "{45FB6FA9-CDF5-43E3-A2EF-00C41352230B}"
EndProject
Project("{FAE04EC0-301F-11D3-BF4B-00C04F79EFBC}") = "WebApplication", "..\WebApplication\WebApplication.csproj", "{67764712-469F-4096-94B1-640324F8BA5E}"
EndProject
Global
	GlobalSection(SolutionConfigurationPlatforms) = preSolution
		Debug|Any CPU = Debug|Any CPU
		Release|Any CPU = Release|Any CPU
	EndGlobalSection
	GlobalSection(ProjectConfigurationPlatforms) = postSolution
		{F0E2BB6A-D869-4009-B5DC-4881BB610234}.Debug|Any CPU.ActiveCfg = Debug|Any CPU
		{F0E2BB6A-D869-4009-B5DC-4881BB610234}.Debug|Any CPU.Build.0 = Debug|Any CPU
		{F0E2BB6A-D869-4009-B5DC-4881BB610234}.Release|Any CPU.ActiveCfg = Release|Any CPU
		{F0E2BB6A-D869-4009-B5DC-4881BB610234}.Release|Any CPU.Build.0 = Release|Any CPU
		{97277FFF-6FB8-4A4E-ABFC-C2B9767DA4D2}.Debug|Any CPU.ActiveCfg = Debug|Any CPU
		{97277FFF-6FB8-4A4E-ABFC-C2B9767DA4D2}.Debug|Any CPU.Build.0 = Debug|Any CPU
		{97277FFF-6FB8-4A4E-ABFC-C2B9767DA4D2}.Release|Any CPU.ActiveCfg = Release|Any CPU
		{97277FFF-6FB8-4A4E-ABFC-C2B9767DA4D2}.Release|Any CPU.Build.0 = Release|Any CPU
		{45FB6FA9-CDF5-43E3-A2EF-00C41352230B}.Debug|Any CPU.ActiveCfg = Debug|Any CPU
		{45FB6FA9-CDF5-43E3-A2EF-00C41352230B}.Debug|Any CPU.Build.0 = Debug|Any CPU
		{45FB6FA9-CDF5-43E3-A2EF-00C41352230B}.Release|Any CPU.ActiveCfg = Release|Any CPU
		{45FB6FA9-CDF5-43E3-A2EF-00C41352230B}.Release|Any CPU.Build.0 = Release|Any CPU
		{67764712-469F-4096-94B1-640324F8BA5E}.Debug|Any CPU.ActiveCfg = Debug|Any CPU
		{67764712-469F-4096-94B1-640324F8BA5E}.Debug|Any CPU.Build.0 = Debug|Any CPU
		{67764712-469F-4096-94B1-640324F8BA5E}.Release|Any CPU.ActiveCfg = Release|Any CPU
		{67764712-469F-4096-94B1-640324F8BA5E}.Release|Any CPU.Build.0 = Release|Any CPU
	EndGlobalSection
	GlobalSection(SolutionProperties) = preSolution
		HideSolutionNode = FALSE
	EndGlobalSection
	GlobalSection(ExtensibilityGlobals) = postSolution
		SolutionGuid = {28CFC027-7789-44AE-8DEA-052F53B9BA69}
	EndGlobalSection
EndGlobal
